
Microsoft Visual Studio Solution File, Format Version 12.00
# Visual Studio Version 16
VisualStudioVersion = 16.0.31129.286
MinimumVisualStudioVersion = 10.0.40219.1
Project("{FAE04EC0-301F-11D3-BF4B-00C04F79EFBC}") = "NVC1521050560", "NVC1521050560\NVC1521050560.csproj", "{BE49199A-5E81-4179-94D5-78C691DCB317}"
EndProject
Global
	GlobalSection(SolutionConfigurationPlatforms) = preSolution
		Debug|Any CPU = Debug|Any CPU
		Release|Any CPU = Release|Any CPU
	EndGlobalSection
	GlobalSection(ProjectConfigurationPlatforms) = postSolution
		{BE49199A-5E81-4179-94D5-78C691DCB317}.Debug|Any CPU.ActiveCfg = Debug|Any CPU
		{BE49199A-5E81-4179-94D5-78C691DCB317}.Debug|Any CPU.Build.0 = Debug|Any CPU
		{BE49199A-5E81-4179-94D5-78C691DCB317}.Release|Any CPU.ActiveCfg = Release|Any CPU
		{BE49199A-5E81-4179-94D5-78C691DCB317}.Release|Any CPU.Build.0 = Release|Any CPU
	EndGlobalSection
	GlobalSection(SolutionProperties) = preSolution
		HideSolutionNode = FALSE
	EndGlobalSection
	GlobalSection(ExtensibilityGlobals) = postSolution
		SolutionGuid = {F2C846C8-914A-4F2D-82B8-4E5325D4939E}
	EndGlobalSection
EndGlobal
